// !$*UTF8*$!
{
	archiveVersion = 1;
	classes = {
	};
	objectVersion = 46;
	objects = {

/* Begin PBXBuildFile section */
		164C9780D044AB12E9912C0C /* Pods_Geolocation.framework in Frameworks */ = {isa = PBXBuildFile; fileRef = 523A570F04911F530045D246 /* Pods_Geolocation.framework */; };
		C930E3CE1E9B7BDD0083A94F /* WarningViewController.swift in Sources */ = {isa = PBXBuildFile; fileRef = C930E3CC1E9B7BDD0083A94F /* WarningViewController.swift */; };
		C930E3CF1E9B7BDD0083A94F /* WarningViewController.xib in Resources */ = {isa = PBXBuildFile; fileRef = C930E3CD1E9B7BDD0083A94F /* WarningViewController.xib */; };
		C930E3D21E9B86B90083A94F /* WarningView.swift in Sources */ = {isa = PBXBuildFile; fileRef = C930E3D11E9B86B90083A94F /* WarningView.swift */; };
		C930E3D71E9BD2210083A94F /* CLLocationManager+Extensions.swift in Sources */ = {isa = PBXBuildFile; fileRef = C930E3D61E9BD2210083A94F /* CLLocationManager+Extensions.swift */; };
		C930E3DB1E9BD2630083A94F /* CLLocationManager+Rx.swift in Sources */ = {isa = PBXBuildFile; fileRef = C930E3D91E9BD2630083A94F /* CLLocationManager+Rx.swift */; };
		C930E3DC1E9BD2630083A94F /* RxCLLocationManagerDelegateProxy.swift in Sources */ = {isa = PBXBuildFile; fileRef = C930E3DA1E9BD2630083A94F /* RxCLLocationManagerDelegateProxy.swift */; };
		C930E3DF1E9BD3B60083A94F /* Firebase+Extensions.swift in Sources */ = {isa = PBXBuildFile; fileRef = C930E3DE1E9BD3B60083A94F /* Firebase+Extensions.swift */; };
		C942FE5A1E8AA18E00358F59 /* SplashScreenViewController.swift in Sources */ = {isa = PBXBuildFile; fileRef = C942FE581E8AA18E00358F59 /* SplashScreenViewController.swift */; };
		C942FE5B1E8AA18E00358F59 /* SplashScreenViewController.xib in Resources */ = {isa = PBXBuildFile; fileRef = C942FE591E8AA18E00358F59 /* SplashScreenViewController.xib */; };
		C95262FD1E4356CE0021124E /* AKIAppDelegate.swift in Sources */ = {isa = PBXBuildFile; fileRef = C95262FC1E4356CE0021124E /* AKIAppDelegate.swift */; };
		C95263021E4356CE0021124E /* Main.storyboard in Resources */ = {isa = PBXBuildFile; fileRef = C95263001E4356CE0021124E /* Main.storyboard */; };
		C95263041E4356CE0021124E /* Assets.xcassets in Resources */ = {isa = PBXBuildFile; fileRef = C95263031E4356CE0021124E /* Assets.xcassets */; };
		C95263071E4356CE0021124E /* LaunchScreen.storyboard in Resources */ = {isa = PBXBuildFile; fileRef = C95263051E4356CE0021124E /* LaunchScreen.storyboard */; };
		C95263151E43594C0021124E /* AKILoginViewController.swift in Sources */ = {isa = PBXBuildFile; fileRef = C95263131E43594C0021124E /* AKILoginViewController.swift */; };
		C95263161E43594C0021124E /* AKILoginViewController.xib in Resources */ = {isa = PBXBuildFile; fileRef = C95263141E43594C0021124E /* AKILoginViewController.xib */; };
		C95263191E4359640021124E /* AKILoginView.swift in Sources */ = {isa = PBXBuildFile; fileRef = C95263181E4359640021124E /* AKILoginView.swift */; };
		C95263201E4365460021124E /* AKILocationViewController.swift in Sources */ = {isa = PBXBuildFile; fileRef = C952631E1E4365460021124E /* AKILocationViewController.swift */; };
		C95263211E4365460021124E /* AKILocationViewController.xib in Resources */ = {isa = PBXBuildFile; fileRef = C952631F1E4365460021124E /* AKILocationViewController.xib */; };
		C95263231E4365580021124E /* AKILocationView.swift in Sources */ = {isa = PBXBuildFile; fileRef = C95263221E4365580021124E /* AKILocationView.swift */; };
		C95263291E4368EB0021124E /* Bolts.framework in Frameworks */ = {isa = PBXBuildFile; fileRef = C95263251E4368EB0021124E /* Bolts.framework */; };
		C952632A1E4368EB0021124E /* FBSDKCoreKit.framework in Frameworks */ = {isa = PBXBuildFile; fileRef = C95263261E4368EB0021124E /* FBSDKCoreKit.framework */; };
		C952632B1E4368EB0021124E /* FBSDKLoginKit.framework in Frameworks */ = {isa = PBXBuildFile; fileRef = C95263271E4368EB0021124E /* FBSDKLoginKit.framework */; };
		C952632C1E4368EC0021124E /* FBSDKShareKit.framework in Frameworks */ = {isa = PBXBuildFile; fileRef = C95263281E4368EB0021124E /* FBSDKShareKit.framework */; };
		C952632E1E4381AF0021124E /* GoogleService-Info.plist in Resources */ = {isa = PBXBuildFile; fileRef = C952632D1E4381AF0021124E /* GoogleService-Info.plist */; };
		C95263441E4390E60021124E /* AKISignUpView.swift in Sources */ = {isa = PBXBuildFile; fileRef = C95263431E4390E60021124E /* AKISignUpView.swift */; };
		C95263471E4390F50021124E /* AKISignUpViewController.swift in Sources */ = {isa = PBXBuildFile; fileRef = C95263451E4390F50021124E /* AKISignUpViewController.swift */; };
		C95263481E4390F50021124E /* AKISignUpViewController.xib in Resources */ = {isa = PBXBuildFile; fileRef = C95263461E4390F50021124E /* AKISignUpViewController.xib */; };
		C952634A1E4392BF0021124E /* AKIViewController.swift in Sources */ = {isa = PBXBuildFile; fileRef = C95263491E4392BF0021124E /* AKIViewController.swift */; };
		C968E3851E5EF47000CF2F0A /* UIViewController+AKIExtensions.swift in Sources */ = {isa = PBXBuildFile; fileRef = C968E3841E5EF47000CF2F0A /* UIViewController+AKIExtensions.swift */; };
		C97D871E1E5DB75900888F0A /* String+AKIExtensions.swift in Sources */ = {isa = PBXBuildFile; fileRef = C97D871D1E5DB75900888F0A /* String+AKIExtensions.swift */; };
		C98A613A1E6DB91D004E2ADE /* AKIAuthService.swift in Sources */ = {isa = PBXBuildFile; fileRef = C98A61391E6DB91D004E2ADE /* AKIAuthService.swift */; };
		C992F4721E6EC3A700E77BBF /* AKIFacebookAuthProvider.swift in Sources */ = {isa = PBXBuildFile; fileRef = C992F4711E6EC3A700E77BBF /* AKIFacebookAuthProvider.swift */; };
		C992F4741E6F009A00E77BBF /* AKIFirebaseAuthProvider.swift in Sources */ = {isa = PBXBuildFile; fileRef = C992F4731E6F009A00E77BBF /* AKIFirebaseAuthProvider.swift */; };
		C994D58D1E4481C30096C8AA /* AKIConstants.swift in Sources */ = {isa = PBXBuildFile; fileRef = C994D58C1E4481C30096C8AA /* AKIConstants.swift */; };
		C9A553491E891CBA00B471EB /* AKIUser.swift in Sources */ = {isa = PBXBuildFile; fileRef = C9A553401E891CBA00B471EB /* AKIUser.swift */; };
		C9A553551E891DFE00B471EB /* AKIContextProtocol.swift in Sources */ = {isa = PBXBuildFile; fileRef = C9A5534B1E891DFE00B471EB /* AKIContextProtocol.swift */; };
		C9A553561E891DFE00B471EB /* AKIContextProvider.swift in Sources */ = {isa = PBXBuildFile; fileRef = C9A5534C1E891DFE00B471EB /* AKIContextProvider.swift */; };
		C9A553571E891DFE00B471EB /* AKIFacebookLoginContext.swift in Sources */ = {isa = PBXBuildFile; fileRef = C9A5534E1E891DFE00B471EB /* AKIFacebookLoginContext.swift */; };
		C9A553581E891DFE00B471EB /* AKIFacebookLogoutContext.swift in Sources */ = {isa = PBXBuildFile; fileRef = C9A5534F1E891DFE00B471EB /* AKIFacebookLogoutContext.swift */; };
		C9A553591E891DFE00B471EB /* AKIFirebaseCurrentPositionContext.swift in Sources */ = {isa = PBXBuildFile; fileRef = C9A553511E891DFE00B471EB /* AKIFirebaseCurrentPositionContext.swift */; };
		C9A5535A1E891DFE00B471EB /* AKIFirebaseLoginContext.swift in Sources */ = {isa = PBXBuildFile; fileRef = C9A553521E891DFE00B471EB /* AKIFirebaseLoginContext.swift */; };
		C9A5535B1E891DFE00B471EB /* AKIFirebaseLogoutContext.swift in Sources */ = {isa = PBXBuildFile; fileRef = C9A553531E891DFE00B471EB /* AKIFirebaseLogoutContext.swift */; };
		C9A5535C1E891DFE00B471EB /* AKIFirebaseSignUpContext.swift in Sources */ = {isa = PBXBuildFile; fileRef = C9A553541E891DFE00B471EB /* AKIFirebaseSignUpContext.swift */; };
		C9BE364C1E647D5F0013DD6F /* AKILocationManager.swift in Sources */ = {isa = PBXBuildFile; fileRef = C9BE364B1E647D5F0013DD6F /* AKILocationManager.swift */; };
		C9F5207C1E6874D4004FBA77 /* NSObject+AKIExtensions.swift in Sources */ = {isa = PBXBuildFile; fileRef = C9F5207B1E6874D4004FBA77 /* NSObject+AKIExtensions.swift */; };
/* End PBXBuildFile section */

/* Begin PBXFileReference section */
		523A570F04911F530045D246 /* Pods_Geolocation.framework */ = {isa = PBXFileReference; explicitFileType = wrapper.framework; includeInIndex = 0; path = Pods_Geolocation.framework; sourceTree = BUILT_PRODUCTS_DIR; };
		8B181F4A352AC578DD108F4A /* Pods-Geolocation.release.xcconfig */ = {isa = PBXFileReference; includeInIndex = 1; lastKnownFileType = text.xcconfig; name = "Pods-Geolocation.release.xcconfig"; path = "Pods/Target Support Files/Pods-Geolocation/Pods-Geolocation.release.xcconfig"; sourceTree = "<group>"; };
		C930E3CC1E9B7BDD0083A94F /* WarningViewController.swift */ = {isa = PBXFileReference; fileEncoding = 4; lastKnownFileType = sourcecode.swift; path = WarningViewController.swift; sourceTree = "<group>"; };
		C930E3CD1E9B7BDD0083A94F /* WarningViewController.xib */ = {isa = PBXFileReference; fileEncoding = 4; lastKnownFileType = file.xib; path = WarningViewController.xib; sourceTree = "<group>"; };
		C930E3D11E9B86B90083A94F /* WarningView.swift */ = {isa = PBXFileReference; fileEncoding = 4; lastKnownFileType = sourcecode.swift; path = WarningView.swift; sourceTree = "<group>"; };
		C930E3D61E9BD2210083A94F /* CLLocationManager+Extensions.swift */ = {isa = PBXFileReference; fileEncoding = 4; lastKnownFileType = sourcecode.swift; path = "CLLocationManager+Extensions.swift"; sourceTree = "<group>"; };
		C930E3D91E9BD2630083A94F /* CLLocationManager+Rx.swift */ = {isa = PBXFileReference; fileEncoding = 4; lastKnownFileType = sourcecode.swift; path = "CLLocationManager+Rx.swift"; sourceTree = "<group>"; };
		C930E3DA1E9BD2630083A94F /* RxCLLocationManagerDelegateProxy.swift */ = {isa = PBXFileReference; fileEncoding = 4; lastKnownFileType = sourcecode.swift; path = RxCLLocationManagerDelegateProxy.swift; sourceTree = "<group>"; };
		C930E3DE1E9BD3B60083A94F /* Firebase+Extensions.swift */ = {isa = PBXFileReference; fileEncoding = 4; lastKnownFileType = sourcecode.swift; path = "Firebase+Extensions.swift"; sourceTree = "<group>"; };
		C942FE581E8AA18E00358F59 /* SplashScreenViewController.swift */ = {isa = PBXFileReference; fileEncoding = 4; lastKnownFileType = sourcecode.swift; path = SplashScreenViewController.swift; sourceTree = "<group>"; };
		C942FE591E8AA18E00358F59 /* SplashScreenViewController.xib */ = {isa = PBXFileReference; fileEncoding = 4; lastKnownFileType = file.xib; path = SplashScreenViewController.xib; sourceTree = "<group>"; };
		C95262F91E4356CE0021124E /* Geolocation.app */ = {isa = PBXFileReference; explicitFileType = wrapper.application; includeInIndex = 0; path = Geolocation.app; sourceTree = BUILT_PRODUCTS_DIR; };
		C95262FC1E4356CE0021124E /* AKIAppDelegate.swift */ = {isa = PBXFileReference; lastKnownFileType = sourcecode.swift; path = AKIAppDelegate.swift; sourceTree = "<group>"; };
		C95263011E4356CE0021124E /* Base */ = {isa = PBXFileReference; lastKnownFileType = file.storyboard; name = Base; path = Base.lproj/Main.storyboard; sourceTree = "<group>"; };
		C95263031E4356CE0021124E /* Assets.xcassets */ = {isa = PBXFileReference; lastKnownFileType = folder.assetcatalog; path = Assets.xcassets; sourceTree = "<group>"; };
		C95263061E4356CE0021124E /* Base */ = {isa = PBXFileReference; lastKnownFileType = file.storyboard; name = Base; path = Base.lproj/LaunchScreen.storyboard; sourceTree = "<group>"; };
		C95263081E4356CE0021124E /* Info.plist */ = {isa = PBXFileReference; lastKnownFileType = text.plist.xml; path = Info.plist; sourceTree = "<group>"; };
		C95263131E43594C0021124E /* AKILoginViewController.swift */ = {isa = PBXFileReference; fileEncoding = 4; lastKnownFileType = sourcecode.swift; path = AKILoginViewController.swift; sourceTree = "<group>"; };
		C95263141E43594C0021124E /* AKILoginViewController.xib */ = {isa = PBXFileReference; fileEncoding = 4; lastKnownFileType = file.xib; path = AKILoginViewController.xib; sourceTree = "<group>"; };
		C95263181E4359640021124E /* AKILoginView.swift */ = {isa = PBXFileReference; fileEncoding = 4; lastKnownFileType = sourcecode.swift; path = AKILoginView.swift; sourceTree = "<group>"; };
		C952631E1E4365460021124E /* AKILocationViewController.swift */ = {isa = PBXFileReference; fileEncoding = 4; lastKnownFileType = sourcecode.swift; path = AKILocationViewController.swift; sourceTree = "<group>"; };
		C952631F1E4365460021124E /* AKILocationViewController.xib */ = {isa = PBXFileReference; fileEncoding = 4; lastKnownFileType = file.xib; path = AKILocationViewController.xib; sourceTree = "<group>"; };
		C95263221E4365580021124E /* AKILocationView.swift */ = {isa = PBXFileReference; fileEncoding = 4; lastKnownFileType = sourcecode.swift; path = AKILocationView.swift; sourceTree = "<group>"; };
		C95263251E4368EB0021124E /* Bolts.framework */ = {isa = PBXFileReference; lastKnownFileType = wrapper.framework; path = Bolts.framework; sourceTree = "<group>"; };
		C95263261E4368EB0021124E /* FBSDKCoreKit.framework */ = {isa = PBXFileReference; lastKnownFileType = wrapper.framework; path = FBSDKCoreKit.framework; sourceTree = "<group>"; };
		C95263271E4368EB0021124E /* FBSDKLoginKit.framework */ = {isa = PBXFileReference; lastKnownFileType = wrapper.framework; path = FBSDKLoginKit.framework; sourceTree = "<group>"; };
		C95263281E4368EB0021124E /* FBSDKShareKit.framework */ = {isa = PBXFileReference; lastKnownFileType = wrapper.framework; path = FBSDKShareKit.framework; sourceTree = "<group>"; };
		C952632D1E4381AF0021124E /* GoogleService-Info.plist */ = {isa = PBXFileReference; fileEncoding = 4; lastKnownFileType = text.plist.xml; path = "GoogleService-Info.plist"; sourceTree = "<group>"; };
		C95263431E4390E60021124E /* AKISignUpView.swift */ = {isa = PBXFileReference; fileEncoding = 4; lastKnownFileType = sourcecode.swift; path = AKISignUpView.swift; sourceTree = "<group>"; };
		C95263451E4390F50021124E /* AKISignUpViewController.swift */ = {isa = PBXFileReference; fileEncoding = 4; lastKnownFileType = sourcecode.swift; path = AKISignUpViewController.swift; sourceTree = "<group>"; };
		C95263461E4390F50021124E /* AKISignUpViewController.xib */ = {isa = PBXFileReference; fileEncoding = 4; lastKnownFileType = file.xib; path = AKISignUpViewController.xib; sourceTree = "<group>"; };
		C95263491E4392BF0021124E /* AKIViewController.swift */ = {isa = PBXFileReference; fileEncoding = 4; lastKnownFileType = sourcecode.swift; path = AKIViewController.swift; sourceTree = "<group>"; };
		C968E3841E5EF47000CF2F0A /* UIViewController+AKIExtensions.swift */ = {isa = PBXFileReference; fileEncoding = 4; lastKnownFileType = sourcecode.swift; path = "UIViewController+AKIExtensions.swift"; sourceTree = "<group>"; };
		C97D871D1E5DB75900888F0A /* String+AKIExtensions.swift */ = {isa = PBXFileReference; fileEncoding = 4; lastKnownFileType = sourcecode.swift; path = "String+AKIExtensions.swift"; sourceTree = "<group>"; };
		C98A61391E6DB91D004E2ADE /* AKIAuthService.swift */ = {isa = PBXFileReference; fileEncoding = 4; lastKnownFileType = sourcecode.swift; path = AKIAuthService.swift; sourceTree = "<group>"; };
		C992F4711E6EC3A700E77BBF /* AKIFacebookAuthProvider.swift */ = {isa = PBXFileReference; fileEncoding = 4; lastKnownFileType = sourcecode.swift; path = AKIFacebookAuthProvider.swift; sourceTree = "<group>"; };
		C992F4731E6F009A00E77BBF /* AKIFirebaseAuthProvider.swift */ = {isa = PBXFileReference; fileEncoding = 4; lastKnownFileType = sourcecode.swift; path = AKIFirebaseAuthProvider.swift; sourceTree = "<group>"; };
		C994D58C1E4481C30096C8AA /* AKIConstants.swift */ = {isa = PBXFileReference; fileEncoding = 4; lastKnownFileType = sourcecode.swift; path = AKIConstants.swift; sourceTree = "<group>"; };
		C994D58E1E44E8730096C8AA /* Geolocation.entitlements */ = {isa = PBXFileReference; lastKnownFileType = text.plist.entitlements; path = Geolocation.entitlements; sourceTree = "<group>"; };
		C9A553401E891CBA00B471EB /* AKIUser.swift */ = {isa = PBXFileReference; fileEncoding = 4; lastKnownFileType = sourcecode.swift; path = AKIUser.swift; sourceTree = "<group>"; };
		C9A5534B1E891DFE00B471EB /* AKIContextProtocol.swift */ = {isa = PBXFileReference; fileEncoding = 4; lastKnownFileType = sourcecode.swift; path = AKIContextProtocol.swift; sourceTree = "<group>"; };
		C9A5534C1E891DFE00B471EB /* AKIContextProvider.swift */ = {isa = PBXFileReference; fileEncoding = 4; lastKnownFileType = sourcecode.swift; path = AKIContextProvider.swift; sourceTree = "<group>"; };
		C9A5534E1E891DFE00B471EB /* AKIFacebookLoginContext.swift */ = {isa = PBXFileReference; fileEncoding = 4; lastKnownFileType = sourcecode.swift; path = AKIFacebookLoginContext.swift; sourceTree = "<group>"; };
		C9A5534F1E891DFE00B471EB /* AKIFacebookLogoutContext.swift */ = {isa = PBXFileReference; fileEncoding = 4; lastKnownFileType = sourcecode.swift; path = AKIFacebookLogoutContext.swift; sourceTree = "<group>"; };
		C9A553511E891DFE00B471EB /* AKIFirebaseCurrentPositionContext.swift */ = {isa = PBXFileReference; fileEncoding = 4; lastKnownFileType = sourcecode.swift; path = AKIFirebaseCurrentPositionContext.swift; sourceTree = "<group>"; };
		C9A553521E891DFE00B471EB /* AKIFirebaseLoginContext.swift */ = {isa = PBXFileReference; fileEncoding = 4; lastKnownFileType = sourcecode.swift; path = AKIFirebaseLoginContext.swift; sourceTree = "<group>"; };
		C9A553531E891DFE00B471EB /* AKIFirebaseLogoutContext.swift */ = {isa = PBXFileReference; fileEncoding = 4; lastKnownFileType = sourcecode.swift; path = AKIFirebaseLogoutContext.swift; sourceTree = "<group>"; };
		C9A553541E891DFE00B471EB /* AKIFirebaseSignUpContext.swift */ = {isa = PBXFileReference; fileEncoding = 4; lastKnownFileType = sourcecode.swift; path = AKIFirebaseSignUpContext.swift; sourceTree = "<group>"; };
		C9BE364B1E647D5F0013DD6F /* AKILocationManager.swift */ = {isa = PBXFileReference; fileEncoding = 4; lastKnownFileType = sourcecode.swift; path = AKILocationManager.swift; sourceTree = "<group>"; };
		C9F5207B1E6874D4004FBA77 /* NSObject+AKIExtensions.swift */ = {isa = PBXFileReference; fileEncoding = 4; lastKnownFileType = sourcecode.swift; path = "NSObject+AKIExtensions.swift"; sourceTree = "<group>"; };
		D47E7CFF523F6DB4CA0F6A3B /* Pods-Geolocation.debug.xcconfig */ = {isa = PBXFileReference; includeInIndex = 1; lastKnownFileType = text.xcconfig; name = "Pods-Geolocation.debug.xcconfig"; path = "Pods/Target Support Files/Pods-Geolocation/Pods-Geolocation.debug.xcconfig"; sourceTree = "<group>"; };
/* End PBXFileReference section */

/* Begin PBXFrameworksBuildPhase section */
		C95262F61E4356CE0021124E /* Frameworks */ = {
			isa = PBXFrameworksBuildPhase;
			buildActionMask = 2147483647;
			files = (
				C952632A1E4368EB0021124E /* FBSDKCoreKit.framework in Frameworks */,
				C952632C1E4368EC0021124E /* FBSDKShareKit.framework in Frameworks */,
				C952632B1E4368EB0021124E /* FBSDKLoginKit.framework in Frameworks */,
				C95263291E4368EB0021124E /* Bolts.framework in Frameworks */,
				164C9780D044AB12E9912C0C /* Pods_Geolocation.framework in Frameworks */,
			);
			runOnlyForDeploymentPostprocessing = 0;
		};
/* End PBXFrameworksBuildPhase section */

/* Begin PBXGroup section */
		2710C36E3625ECE7F19DB137 /* Pods */ = {
			isa = PBXGroup;
			children = (
				D47E7CFF523F6DB4CA0F6A3B /* Pods-Geolocation.debug.xcconfig */,
				8B181F4A352AC578DD108F4A /* Pods-Geolocation.release.xcconfig */,
			);
			name = Pods;
			sourceTree = "<group>";
		};
		C930E3CB1E9B7AF80083A94F /* WarningViewController */ = {
			isa = PBXGroup;
			children = (
				C930E3D01E9B86950083A94F /* View */,
				C930E3CC1E9B7BDD0083A94F /* WarningViewController.swift */,
				C930E3CD1E9B7BDD0083A94F /* WarningViewController.xib */,
			);
			path = WarningViewController;
			sourceTree = "<group>";
		};
		C930E3D01E9B86950083A94F /* View */ = {
			isa = PBXGroup;
			children = (
				C930E3D11E9B86B90083A94F /* WarningView.swift */,
			);
			path = View;
			sourceTree = "<group>";
		};
		C930E3D51E9BD1F20083A94F /* CLLocationManager+Extensions */ = {
			isa = PBXGroup;
			children = (
				C930E3D61E9BD2210083A94F /* CLLocationManager+Extensions.swift */,
			);
			path = "CLLocationManager+Extensions";
			sourceTree = "<group>";
		};
		C930E3D81E9BD2630083A94F /* RxCLLocationManager */ = {
			isa = PBXGroup;
			children = (
				C930E3D91E9BD2630083A94F /* CLLocationManager+Rx.swift */,
				C930E3DA1E9BD2630083A94F /* RxCLLocationManagerDelegateProxy.swift */,
			);
			path = RxCLLocationManager;
			sourceTree = "<group>";
		};
		C930E3DD1E9BD3A40083A94F /* Firebase+Extensions */ = {
			isa = PBXGroup;
			children = (
				C930E3DE1E9BD3B60083A94F /* Firebase+Extensions.swift */,
			);
			path = "Firebase+Extensions";
			sourceTree = "<group>";
		};
		C942FE571E8AA18E00358F59 /* SplashScreenViewController */ = {
			isa = PBXGroup;
			children = (
				C942FE581E8AA18E00358F59 /* SplashScreenViewController.swift */,
				C942FE591E8AA18E00358F59 /* SplashScreenViewController.xib */,
			);
			name = SplashScreenViewController;
			path = AKIViewControllers/SplashScreenViewController;
			sourceTree = "<group>";
		};
		C95262F01E4356CE0021124E = {
			isa = PBXGroup;
			children = (
				C952630E1E4358E30021124E /* Library */,
				C952630F1E4358F90021124E /* Source */,
				C95262FB1E4356CE0021124E /* Geolocation */,
				C95262FA1E4356CE0021124E /* Products */,
				2710C36E3625ECE7F19DB137 /* Pods */,
				E755E22969CB975467F66C79 /* Frameworks */,
			);
			sourceTree = "<group>";
		};
		C95262FA1E4356CE0021124E /* Products */ = {
			isa = PBXGroup;
			children = (
				C95262F91E4356CE0021124E /* Geolocation.app */,
			);
			name = Products;
			sourceTree = "<group>";
		};
		C95262FB1E4356CE0021124E /* Geolocation */ = {
			isa = PBXGroup;
			children = (
				C994D58E1E44E8730096C8AA /* Geolocation.entitlements */,
				C95262FC1E4356CE0021124E /* AKIAppDelegate.swift */,
				C952632D1E4381AF0021124E /* GoogleService-Info.plist */,
				C95263001E4356CE0021124E /* Main.storyboard */,
				C95263031E4356CE0021124E /* Assets.xcassets */,
				C95263051E4356CE0021124E /* LaunchScreen.storyboard */,
				C95263081E4356CE0021124E /* Info.plist */,
			);
			path = Geolocation;
			sourceTree = "<group>";
		};
		C952630E1E4358E30021124E /* Library */ = {
			isa = PBXGroup;
			children = (
				C97D871B1E5DB6CA00888F0A /* Extensions */,
				C994D58B1E4481A30096C8AA /* Constants */,
			);
			path = Library;
			sourceTree = "<group>";
		};
		C952630F1E4358F90021124E /* Source */ = {
			isa = PBXGroup;
			children = (
				C98B628C1E5C737500578770 /* Models */,
				C95263101E4359080021124E /* UI */,
			);
			path = Source;
			sourceTree = "<group>";
		};
		C95263101E4359080021124E /* UI */ = {
			isa = PBXGroup;
			children = (
				C942FE571E8AA18E00358F59 /* SplashScreenViewController */,
				C95263111E43591F0021124E /* AKIViewControllers */,
			);
			path = UI;
			sourceTree = "<group>";
		};
		C95263111E43591F0021124E /* AKIViewControllers */ = {
			isa = PBXGroup;
			children = (
				C930E3CB1E9B7AF80083A94F /* WarningViewController */,
				C952631C1E43651B0021124E /* AKILocationViewController */,
				C95263411E4390BE0021124E /* AKISignUpViewController */,
				C95263121E4359350021124E /* AKILoginViewController */,
				C95263491E4392BF0021124E /* AKIViewController.swift */,
			);
			path = AKIViewControllers;
			sourceTree = "<group>";
		};
		C95263121E4359350021124E /* AKILoginViewController */ = {
			isa = PBXGroup;
			children = (
				C95263171E4359500021124E /* AKILoginView */,
				C95263131E43594C0021124E /* AKILoginViewController.swift */,
				C95263141E43594C0021124E /* AKILoginViewController.xib */,
			);
			path = AKILoginViewController;
			sourceTree = "<group>";
		};
		C95263171E4359500021124E /* AKILoginView */ = {
			isa = PBXGroup;
			children = (
				C95263181E4359640021124E /* AKILoginView.swift */,
			);
			path = AKILoginView;
			sourceTree = "<group>";
		};
		C952631C1E43651B0021124E /* AKILocationViewController */ = {
			isa = PBXGroup;
			children = (
				C952631D1E43652E0021124E /* AKILocationView */,
				C952631E1E4365460021124E /* AKILocationViewController.swift */,
				C952631F1E4365460021124E /* AKILocationViewController.xib */,
			);
			path = AKILocationViewController;
			sourceTree = "<group>";
		};
		C952631D1E43652E0021124E /* AKILocationView */ = {
			isa = PBXGroup;
			children = (
				C95263221E4365580021124E /* AKILocationView.swift */,
			);
			path = AKILocationView;
			sourceTree = "<group>";
		};
		C95263241E4368B80021124E /* FacebookFrameworks */ = {
			isa = PBXGroup;
			children = (
				C95263251E4368EB0021124E /* Bolts.framework */,
				C95263261E4368EB0021124E /* FBSDKCoreKit.framework */,
				C95263271E4368EB0021124E /* FBSDKLoginKit.framework */,
				C95263281E4368EB0021124E /* FBSDKShareKit.framework */,
			);
			path = FacebookFrameworks;
			sourceTree = "<group>";
		};
		C95263411E4390BE0021124E /* AKISignUpViewController */ = {
			isa = PBXGroup;
			children = (
				C95263421E4390D30021124E /* AKISignUpView */,
				C95263451E4390F50021124E /* AKISignUpViewController.swift */,
				C95263461E4390F50021124E /* AKISignUpViewController.xib */,
			);
			path = AKISignUpViewController;
			sourceTree = "<group>";
		};
		C95263421E4390D30021124E /* AKISignUpView */ = {
			isa = PBXGroup;
			children = (
				C95263431E4390E60021124E /* AKISignUpView.swift */,
			);
			path = AKISignUpView;
			sourceTree = "<group>";
		};
		C968E3831E5EF44800CF2F0A /* UIViewController+AKIExtensions */ = {
			isa = PBXGroup;
			children = (
				C968E3841E5EF47000CF2F0A /* UIViewController+AKIExtensions.swift */,
			);
			path = "UIViewController+AKIExtensions";
			sourceTree = "<group>";
		};
		C97D871B1E5DB6CA00888F0A /* Extensions */ = {
			isa = PBXGroup;
			children = (
				C930E3DD1E9BD3A40083A94F /* Firebase+Extensions */,
				C930E3D81E9BD2630083A94F /* RxCLLocationManager */,
				C930E3D51E9BD1F20083A94F /* CLLocationManager+Extensions */,
				C9F5207A1E6874AA004FBA77 /* NSObject + AKIExtensions */,
				C968E3831E5EF44800CF2F0A /* UIViewController+AKIExtensions */,
				C97D871C1E5DB6F500888F0A /* String+AKIExtensions */,
			);
			path = Extensions;
			sourceTree = "<group>";
		};
		C97D871C1E5DB6F500888F0A /* String+AKIExtensions */ = {
			isa = PBXGroup;
			children = (
				C97D871D1E5DB75900888F0A /* String+AKIExtensions.swift */,
			);
			path = "String+AKIExtensions";
			sourceTree = "<group>";
		};
		C98B628C1E5C737500578770 /* Models */ = {
			isa = PBXGroup;
			children = (
				C9A5533F1E891CBA00B471EB /* AKIUser */,
				C992F4701E6EC38600E77BBF /* AKILoginService */,
				C9BE364B1E647D5F0013DD6F /* AKILocationManager.swift */,
				C98A61391E6DB91D004E2ADE /* AKIAuthService.swift */,
			);
			path = Models;
			sourceTree = "<group>";
		};
		C992F4701E6EC38600E77BBF /* AKILoginService */ = {
			isa = PBXGroup;
			children = (
				C9A5534A1E891DFE00B471EB /* AKIContext */,
				C992F4711E6EC3A700E77BBF /* AKIFacebookAuthProvider.swift */,
				C992F4731E6F009A00E77BBF /* AKIFirebaseAuthProvider.swift */,
			);
			path = AKILoginService;
			sourceTree = "<group>";
		};
		C994D58B1E4481A30096C8AA /* Constants */ = {
			isa = PBXGroup;
			children = (
				C994D58C1E4481C30096C8AA /* AKIConstants.swift */,
			);
			path = Constants;
			sourceTree = "<group>";
		};
		C9A5533F1E891CBA00B471EB /* AKIUser */ = {
			isa = PBXGroup;
			children = (
				C9A553401E891CBA00B471EB /* AKIUser.swift */,
			);
			path = AKIUser;
			sourceTree = "<group>";
		};
		C9A5534A1E891DFE00B471EB /* AKIContext */ = {
			isa = PBXGroup;
			children = (
				C9A5534D1E891DFE00B471EB /* AKIFacebookContext */,
				C9A553501E891DFE00B471EB /* AKIFirebaseContext */,
				C9A5534B1E891DFE00B471EB /* AKIContextProtocol.swift */,
				C9A5534C1E891DFE00B471EB /* AKIContextProvider.swift */,
			);
			path = AKIContext;
			sourceTree = "<group>";
		};
		C9A5534D1E891DFE00B471EB /* AKIFacebookContext */ = {
			isa = PBXGroup;
			children = (
				C9A5534E1E891DFE00B471EB /* AKIFacebookLoginContext.swift */,
				C9A5534F1E891DFE00B471EB /* AKIFacebookLogoutContext.swift */,
			);
			path = AKIFacebookContext;
			sourceTree = "<group>";
		};
		C9A553501E891DFE00B471EB /* AKIFirebaseContext */ = {
			isa = PBXGroup;
			children = (
				C9A553511E891DFE00B471EB /* AKIFirebaseCurrentPositionContext.swift */,
				C9A553521E891DFE00B471EB /* AKIFirebaseLoginContext.swift */,
				C9A553531E891DFE00B471EB /* AKIFirebaseLogoutContext.swift */,
				C9A553541E891DFE00B471EB /* AKIFirebaseSignUpContext.swift */,
			);
			path = AKIFirebaseContext;
			sourceTree = "<group>";
		};
		C9F5207A1E6874AA004FBA77 /* NSObject + AKIExtensions */ = {
			isa = PBXGroup;
			children = (
				C9F5207B1E6874D4004FBA77 /* NSObject+AKIExtensions.swift */,
			);
			path = "NSObject + AKIExtensions";
			sourceTree = "<group>";
		};
		E755E22969CB975467F66C79 /* Frameworks */ = {
			isa = PBXGroup;
			children = (
				C95263241E4368B80021124E /* FacebookFrameworks */,
				523A570F04911F530045D246 /* Pods_Geolocation.framework */,
			);
			name = Frameworks;
			sourceTree = "<group>";
		};
/* End PBXGroup section */

/* Begin PBXNativeTarget section */
		C95262F81E4356CE0021124E /* Geolocation */ = {
			isa = PBXNativeTarget;
			buildConfigurationList = C952630B1E4356CE0021124E /* Build configuration list for PBXNativeTarget "Geolocation" */;
			buildPhases = (
				19812A9D110D1E1435C1A973 /* [CP] Check Pods Manifest.lock */,
				C95262F51E4356CE0021124E /* Sources */,
				C95262F61E4356CE0021124E /* Frameworks */,
				C95262F71E4356CE0021124E /* Resources */,
				44675C5BB848C7C02A537050 /* [CP] Embed Pods Frameworks */,
				1C4C0274038A5A575ADF6076 /* [CP] Copy Pods Resources */,
			);
			buildRules = (
			);
			dependencies = (
			);
			name = Geolocation;
			productName = Geolocation;
			productReference = C95262F91E4356CE0021124E /* Geolocation.app */;
			productType = "com.apple.product-type.application";
		};
/* End PBXNativeTarget section */

/* Begin PBXProject section */
		C95262F11E4356CE0021124E /* Project object */ = {
			isa = PBXProject;
			attributes = {
				LastSwiftUpdateCheck = 0820;
				LastUpgradeCheck = 0820;
				ORGANIZATIONNAME = "Alexey Khomych";
				TargetAttributes = {
					C95262F81E4356CE0021124E = {
						CreatedOnToolsVersion = 8.2.1;
						DevelopmentTeam = M2WK6CS22K;
						LastSwiftMigration = 0820;
						ProvisioningStyle = Automatic;
						SystemCapabilities = {
							com.apple.Keychain = {
								enabled = 1;
							};
						};
					};
				};
			};
			buildConfigurationList = C95262F41E4356CE0021124E /* Build configuration list for PBXProject "Geolocation" */;
			compatibilityVersion = "Xcode 3.2";
			developmentRegion = English;
			hasScannedForEncodings = 0;
			knownRegions = (
				en,
				Base,
			);
			mainGroup = C95262F01E4356CE0021124E;
			productRefGroup = C95262FA1E4356CE0021124E /* Products */;
			projectDirPath = "";
			projectRoot = "";
			targets = (
				C95262F81E4356CE0021124E /* Geolocation */,
			);
		};
/* End PBXProject section */

/* Begin PBXResourcesBuildPhase section */
		C95262F71E4356CE0021124E /* Resources */ = {
			isa = PBXResourcesBuildPhase;
			buildActionMask = 2147483647;
			files = (
				C930E3CF1E9B7BDD0083A94F /* WarningViewController.xib in Resources */,
				C95263161E43594C0021124E /* AKILoginViewController.xib in Resources */,
				C942FE5B1E8AA18E00358F59 /* SplashScreenViewController.xib in Resources */,
				C95263071E4356CE0021124E /* LaunchScreen.storyboard in Resources */,
				C95263481E4390F50021124E /* AKISignUpViewController.xib in Resources */,
				C95263041E4356CE0021124E /* Assets.xcassets in Resources */,
				C95263211E4365460021124E /* AKILocationViewController.xib in Resources */,
				C95263021E4356CE0021124E /* Main.storyboard in Resources */,
				C952632E1E4381AF0021124E /* GoogleService-Info.plist in Resources */,
			);
			runOnlyForDeploymentPostprocessing = 0;
		};
/* End PBXResourcesBuildPhase section */

/* Begin PBXShellScriptBuildPhase section */
		19812A9D110D1E1435C1A973 /* [CP] Check Pods Manifest.lock */ = {
			isa = PBXShellScriptBuildPhase;
			buildActionMask = 2147483647;
			files = (
			);
			inputPaths = (
			);
			name = "[CP] Check Pods Manifest.lock";
			outputPaths = (
			);
			runOnlyForDeploymentPostprocessing = 0;
			shellPath = /bin/sh;
			shellScript = "diff \"${PODS_ROOT}/../Podfile.lock\" \"${PODS_ROOT}/Manifest.lock\" > /dev/null\nif [ $? != 0 ] ; then\n    # print error to STDERR\n    echo \"error: The sandbox is not in sync with the Podfile.lock. Run 'pod install' or update your CocoaPods installation.\" >&2\n    exit 1\nfi\n";
			showEnvVarsInLog = 0;
		};
		1C4C0274038A5A575ADF6076 /* [CP] Copy Pods Resources */ = {
			isa = PBXShellScriptBuildPhase;
			buildActionMask = 2147483647;
			files = (
			);
			inputPaths = (
			);
			name = "[CP] Copy Pods Resources";
			outputPaths = (
			);
			runOnlyForDeploymentPostprocessing = 0;
			shellPath = /bin/sh;
			shellScript = "\"${SRCROOT}/Pods/Target Support Files/Pods-Geolocation/Pods-Geolocation-resources.sh\"\n";
			showEnvVarsInLog = 0;
		};
		44675C5BB848C7C02A537050 /* [CP] Embed Pods Frameworks */ = {
			isa = PBXShellScriptBuildPhase;
			buildActionMask = 2147483647;
			files = (
			);
			inputPaths = (
			);
			name = "[CP] Embed Pods Frameworks";
			outputPaths = (
			);
			runOnlyForDeploymentPostprocessing = 0;
			shellPath = /bin/sh;
			shellScript = "\"${SRCROOT}/Pods/Target Support Files/Pods-Geolocation/Pods-Geolocation-frameworks.sh\"\n";
			showEnvVarsInLog = 0;
		};
/* End PBXShellScriptBuildPhase section */

/* Begin PBXSourcesBuildPhase section */
		C95262F51E4356CE0021124E /* Sources */ = {
			isa = PBXSourcesBuildPhase;
			buildActionMask = 2147483647;
			files = (
				C95263151E43594C0021124E /* AKILoginViewController.swift in Sources */,
				C9A553581E891DFE00B471EB /* AKIFacebookLogoutContext.swift in Sources */,
				C992F4741E6F009A00E77BBF /* AKIFirebaseAuthProvider.swift in Sources */,
				C994D58D1E4481C30096C8AA /* AKIConstants.swift in Sources */,
				C9A5535A1E891DFE00B471EB /* AKIFirebaseLoginContext.swift in Sources */,
				C9A553591E891DFE00B471EB /* AKIFirebaseCurrentPositionContext.swift in Sources */,
				C930E3D71E9BD2210083A94F /* CLLocationManager+Extensions.swift in Sources */,
				C9A553561E891DFE00B471EB /* AKIContextProvider.swift in Sources */,
				C930E3CE1E9B7BDD0083A94F /* WarningViewController.swift in Sources */,
				C9A553571E891DFE00B471EB /* AKIFacebookLoginContext.swift in Sources */,
				C930E3DF1E9BD3B60083A94F /* Firebase+Extensions.swift in Sources */,
				C95262FD1E4356CE0021124E /* AKIAppDelegate.swift in Sources */,
				C930E3D21E9B86B90083A94F /* WarningView.swift in Sources */,
				C930E3DB1E9BD2630083A94F /* CLLocationManager+Rx.swift in Sources */,
				C952634A1E4392BF0021124E /* AKIViewController.swift in Sources */,
				C98A613A1E6DB91D004E2ADE /* AKIAuthService.swift in Sources */,
				C95263471E4390F50021124E /* AKISignUpViewController.swift in Sources */,
				C95263191E4359640021124E /* AKILoginView.swift in Sources */,
				C9A553491E891CBA00B471EB /* AKIUser.swift in Sources */,
				C9A5535B1E891DFE00B471EB /* AKIFirebaseLogoutContext.swift in Sources */,
				C9A553551E891DFE00B471EB /* AKIContextProtocol.swift in Sources */,
				C942FE5A1E8AA18E00358F59 /* SplashScreenViewController.swift in Sources */,
				C968E3851E5EF47000CF2F0A /* UIViewController+AKIExtensions.swift in Sources */,
				C9A5535C1E891DFE00B471EB /* AKIFirebaseSignUpContext.swift in Sources */,
				C9F5207C1E6874D4004FBA77 /* NSObject+AKIExtensions.swift in Sources */,
				C992F4721E6EC3A700E77BBF /* AKIFacebookAuthProvider.swift in Sources */,
				C95263201E4365460021124E /* AKILocationViewController.swift in Sources */,
				C930E3DC1E9BD2630083A94F /* RxCLLocationManagerDelegateProxy.swift in Sources */,
				C9BE364C1E647D5F0013DD6F /* AKILocationManager.swift in Sources */,
				C95263441E4390E60021124E /* AKISignUpView.swift in Sources */,
				C95263231E4365580021124E /* AKILocationView.swift in Sources */,
				C97D871E1E5DB75900888F0A /* String+AKIExtensions.swift in Sources */,
			);
			runOnlyForDeploymentPostprocessing = 0;
		};
/* End PBXSourcesBuildPhase section */

/* Begin PBXVariantGroup section */
		C95263001E4356CE0021124E /* Main.storyboard */ = {
			isa = PBXVariantGroup;
			children = (
				C95263011E4356CE0021124E /* Base */,
			);
			name = Main.storyboard;
			sourceTree = "<group>";
		};
		C95263051E4356CE0021124E /* LaunchScreen.storyboard */ = {
			isa = PBXVariantGroup;
			children = (
				C95263061E4356CE0021124E /* Base */,
			);
			name = LaunchScreen.storyboard;
			sourceTree = "<group>";
		};
/* End PBXVariantGroup section */

/* Begin XCBuildConfiguration section */
		C95263091E4356CE0021124E /* Debug */ = {
			isa = XCBuildConfiguration;
			buildSettings = {
				ALWAYS_SEARCH_USER_PATHS = NO;
				CLANG_ANALYZER_NONNULL = YES;
				CLANG_CXX_LANGUAGE_STANDARD = "gnu++0x";
				CLANG_CXX_LIBRARY = "libc++";
				CLANG_ENABLE_MODULES = YES;
				CLANG_ENABLE_OBJC_ARC = YES;
				CLANG_WARN_BOOL_CONVERSION = YES;
				CLANG_WARN_CONSTANT_CONVERSION = YES;
				CLANG_WARN_DIRECT_OBJC_ISA_USAGE = YES_ERROR;
				CLANG_WARN_DOCUMENTATION_COMMENTS = YES;
				CLANG_WARN_EMPTY_BODY = YES;
				CLANG_WARN_ENUM_CONVERSION = YES;
				CLANG_WARN_INFINITE_RECURSION = YES;
				CLANG_WARN_INT_CONVERSION = YES;
				CLANG_WARN_OBJC_ROOT_CLASS = YES_ERROR;
				CLANG_WARN_SUSPICIOUS_MOVE = YES;
				CLANG_WARN_UNREACHABLE_CODE = YES;
				CLANG_WARN__DUPLICATE_METHOD_MATCH = YES;
				"CODE_SIGN_IDENTITY[sdk=iphoneos*]" = "iPhone Developer";
				COPY_PHASE_STRIP = NO;
				DEBUG_INFORMATION_FORMAT = dwarf;
				ENABLE_STRICT_OBJC_MSGSEND = YES;
				ENABLE_TESTABILITY = YES;
				GCC_C_LANGUAGE_STANDARD = gnu99;
				GCC_DYNAMIC_NO_PIC = NO;
				GCC_NO_COMMON_BLOCKS = YES;
				GCC_OPTIMIZATION_LEVEL = 0;
				GCC_PREPROCESSOR_DEFINITIONS = (
					"DEBUG=1",
					"$(inherited)",
				);
				GCC_WARN_64_TO_32_BIT_CONVERSION = YES;
				GCC_WARN_ABOUT_RETURN_TYPE = YES_ERROR;
				GCC_WARN_UNDECLARED_SELECTOR = YES;
				GCC_WARN_UNINITIALIZED_AUTOS = YES_AGGRESSIVE;
				GCC_WARN_UNUSED_FUNCTION = YES;
				GCC_WARN_UNUSED_VARIABLE = YES;
				IPHONEOS_DEPLOYMENT_TARGET = 9.0;
				MTL_ENABLE_DEBUG_INFO = YES;
				ONLY_ACTIVE_ARCH = YES;
				SDKROOT = iphoneos;
				SWIFT_ACTIVE_COMPILATION_CONDITIONS = DEBUG;
				SWIFT_OPTIMIZATION_LEVEL = "-Onone";
				TARGETED_DEVICE_FAMILY = "1,2";
			};
			name = Debug;
		};
		C952630A1E4356CE0021124E /* Release */ = {
			isa = XCBuildConfiguration;
			buildSettings = {
				ALWAYS_SEARCH_USER_PATHS = NO;
				CLANG_ANALYZER_NONNULL = YES;
				CLANG_CXX_LANGUAGE_STANDARD = "gnu++0x";
				CLANG_CXX_LIBRARY = "libc++";
				CLANG_ENABLE_MODULES = YES;
				CLANG_ENABLE_OBJC_ARC = YES;
				CLANG_WARN_BOOL_CONVERSION = YES;
				CLANG_WARN_CONSTANT_CONVERSION = YES;
				CLANG_WARN_DIRECT_OBJC_ISA_USAGE = YES_ERROR;
				CLANG_WARN_DOCUMENTATION_COMMENTS = YES;
				CLANG_WARN_EMPTY_BODY = YES;
				CLANG_WARN_ENUM_CONVERSION = YES;
				CLANG_WARN_INFINITE_RECURSION = YES;
				CLANG_WARN_INT_CONVERSION = YES;
				CLANG_WARN_OBJC_ROOT_CLASS = YES_ERROR;
				CLANG_WARN_SUSPICIOUS_MOVE = YES;
				CLANG_WARN_UNREACHABLE_CODE = YES;
				CLANG_WARN__DUPLICATE_METHOD_MATCH = YES;
				"CODE_SIGN_IDENTITY[sdk=iphoneos*]" = "iPhone Developer";
				COPY_PHASE_STRIP = NO;
				DEBUG_INFORMATION_FORMAT = "dwarf-with-dsym";
				ENABLE_NS_ASSERTIONS = NO;
				ENABLE_STRICT_OBJC_MSGSEND = YES;
				GCC_C_LANGUAGE_STANDARD = gnu99;
				GCC_NO_COMMON_BLOCKS = YES;
				GCC_WARN_64_TO_32_BIT_CONVERSION = YES;
				GCC_WARN_ABOUT_RETURN_TYPE = YES_ERROR;
				GCC_WARN_UNDECLARED_SELECTOR = YES;
				GCC_WARN_UNINITIALIZED_AUTOS = YES_AGGRESSIVE;
				GCC_WARN_UNUSED_FUNCTION = YES;
				GCC_WARN_UNUSED_VARIABLE = YES;
				IPHONEOS_DEPLOYMENT_TARGET = 9.0;
				MTL_ENABLE_DEBUG_INFO = NO;
				SDKROOT = iphoneos;
				SWIFT_OPTIMIZATION_LEVEL = "-Owholemodule";
				TARGETED_DEVICE_FAMILY = "1,2";
				VALIDATE_PRODUCT = YES;
			};
			name = Release;
		};
		C952630C1E4356CE0021124E /* Debug */ = {
			isa = XCBuildConfiguration;
			baseConfigurationReference = D47E7CFF523F6DB4CA0F6A3B /* Pods-Geolocation.debug.xcconfig */;
			buildSettings = {
				ALWAYS_EMBED_SWIFT_STANDARD_LIBRARIES = YES;
				ASSETCATALOG_COMPILER_APPICON_NAME = AppIcon;
				CODE_SIGN_ENTITLEMENTS = Geolocation/Geolocation.entitlements;
				DEVELOPMENT_TEAM = M2WK6CS22K;
				FRAMEWORK_SEARCH_PATHS = (
					"$(inherited)",
					"$(PROJECT_DIR)/FacebookFrameworks",
				);
				INFOPLIST_FILE = Geolocation/Info.plist;
				IPHONEOS_DEPLOYMENT_TARGET = 9.0;
				LD_RUNPATH_SEARCH_PATHS = "$(inherited) @executable_path/Frameworks";
				OTHER_LDFLAGS = (
					"$(inherited)",
					"-ObjC",
					"-l\"c++\"",
					"-l\"icucore\"",
					"-l\"sqlite3\"",
					"-l\"z\"",
					"-framework",
					"\"Accelerate\"",
					"-framework",
					"\"CFNetwork\"",
					"-framework",
					"\"CoreData\"",
					"-framework",
					"\"CoreGraphics\"",
					"-framework",
					"\"CoreLocation\"",
					"-framework",
					"\"CoreText\"",
					"-framework",
					"\"FirebaseAnalytics\"",
					"-framework",
					"\"FirebaseAuth\"",
					"-framework",
					"\"FirebaseCore\"",
					"-framework",
					"\"FirebaseDatabase\"",
					"-framework",
					"\"FirebaseInstanceID\"",
					"-framework",
					"\"GLKit\"",
					"-framework",
					"\"GTMSessionFetcher\"",
					"-framework",
					"\"GoogleMaps\"",
					"-framework",
					"\"GoogleMapsBase\"",
					"-framework",
					"\"GoogleMapsCore\"",
					"-framework",
					"\"GoogleToolboxForMac\"",
					"-framework",
					"\"IQKeyboardManagerSwift\"",
					"-framework",
					"\"ImageIO\"",
					"-framework",
					"\"OpenGLES\"",
					"-framework",
					"\"QuartzCore\"",
					"-framework",
					"\"RxCocoa\"",
					"-framework",
					"\"RxSwift\"",
					"-framework",
					"\"Security\"",
					"-framework",
					"\"StoreKit\"",
					"-framework",
					"\"SystemConfiguration\"",
					"-framework",
					"\"UIKit\"",
					"$(inherited)",
				);
				PRODUCT_BUNDLE_IDENTIFIER = AKI.Geolocation;
				PRODUCT_NAME = "$(TARGET_NAME)";
				SWIFT_VERSION = 3.0;
				TARGETED_DEVICE_FAMILY = 1;
			};
			name = Debug;
		};
		C952630D1E4356CE0021124E /* Release */ = {
			isa = XCBuildConfiguration;
			baseConfigurationReference = 8B181F4A352AC578DD108F4A /* Pods-Geolocation.release.xcconfig */;
			buildSettings = {
				ALWAYS_EMBED_SWIFT_STANDARD_LIBRARIES = YES;
				ASSETCATALOG_COMPILER_APPICON_NAME = AppIcon;
				CODE_SIGN_ENTITLEMENTS = Geolocation/Geolocation.entitlements;
				DEVELOPMENT_TEAM = M2WK6CS22K;
				FRAMEWORK_SEARCH_PATHS = (
					"$(inherited)",
					"$(PROJECT_DIR)/FacebookFrameworks",
				);
				INFOPLIST_FILE = Geolocation/Info.plist;
				IPHONEOS_DEPLOYMENT_TARGET = 9.0;
				LD_RUNPATH_SEARCH_PATHS = "$(inherited) @executable_path/Frameworks";
				OTHER_LDFLAGS = (
					"$(inherited)",
					"-ObjC",
					"-l\"c++\"",
					"-l\"icucore\"",
					"-l\"sqlite3\"",
					"-l\"z\"",
					"-framework",
					"\"Accelerate\"",
					"-framework",
					"\"CFNetwork\"",
					"-framework",
					"\"CoreData\"",
					"-framework",
					"\"CoreGraphics\"",
					"-framework",
					"\"CoreLocation\"",
					"-framework",
					"\"CoreText\"",
					"-framework",
					"\"FirebaseAnalytics\"",
					"-framework",
					"\"FirebaseAuth\"",
					"-framework",
					"\"FirebaseCore\"",
					"-framework",
					"\"FirebaseDatabase\"",
					"-framework",
					"\"FirebaseInstanceID\"",
					"-framework",
					"\"GLKit\"",
					"-framework",
					"\"GTMSessionFetcher\"",
					"-framework",
					"\"GoogleMaps\"",
					"-framework",
					"\"GoogleMapsBase\"",
					"-framework",
					"\"GoogleMapsCore\"",
					"-framework",
					"\"GoogleToolboxForMac\"",
					"-framework",
					"\"IQKeyboardManagerSwift\"",
					"-framework",
					"\"ImageIO\"",
					"-framework",
					"\"OpenGLES\"",
					"-framework",
					"\"QuartzCore\"",
					"-framework",
					"\"RxCocoa\"",
					"-framework",
					"\"RxSwift\"",
					"-framework",
					"\"Security\"",
					"-framework",
					"\"StoreKit\"",
					"-framework",
					"\"SystemConfiguration\"",
					"-framework",
					"\"UIKit\"",
					"$(inherited)",
				);
				PRODUCT_BUNDLE_IDENTIFIER = AKI.Geolocation;
				PRODUCT_NAME = "$(TARGET_NAME)";
				SWIFT_VERSION = 3.0;
				TARGETED_DEVICE_FAMILY = 1;
			};
			name = Release;
		};
/* End XCBuildConfiguration section */

/* Begin XCConfigurationList section */
		C95262F41E4356CE0021124E /* Build configuration list for PBXProject "Geolocation" */ = {
			isa = XCConfigurationList;
			buildConfigurations = (
				C95263091E4356CE0021124E /* Debug */,
				C952630A1E4356CE0021124E /* Release */,
			);
			defaultConfigurationIsVisible = 0;
			defaultConfigurationName = Release;
		};
		C952630B1E4356CE0021124E /* Build configuration list for PBXNativeTarget "Geolocation" */ = {
			isa = XCConfigurationList;
			buildConfigurations = (
				C952630C1E4356CE0021124E /* Debug */,
				C952630D1E4356CE0021124E /* Release */,
			);
			defaultConfigurationIsVisible = 0;
			defaultConfigurationName = Release;
		};
/* End XCConfigurationList section */
	};
	rootObject = C95262F11E4356CE0021124E /* Project object */;
}
